version = 1
revision = 3
requires-python = ">=3.11.9"

[[package]]
name = "lp-eval"
version = "0.1.0"
source = { virtual = "." }
dependencies = [
    { name = "pyqt6" },
]

[package.metadata]
requires-dist = [{ name = "pyqt6", specifier = ">=6.9.1" }]

[[package]]
name = "pyqt6"
version = "6.9.1"
source = { registry = "https://pypi.org/simple" }
dependencies = [
    { name = "pyqt6-qt6" },
    { name = "pyqt6-sip" },
]
sdist = { url = "https://files.pythonhosted.org/packages/32/1b/567f46eb43ca961efd38d7a0b73efb70d7342854f075fd919179fdb2a571/pyqt6-6.9.1.tar.gz", hash = "sha256:50642be03fb40f1c2111a09a1f5a0f79813e039c15e78267e6faaf8a96c1c3a6", size = 1067230, upload-time = "2025-06-06T08:49:30.307Z" }
wheels = [
    { url = "https://files.pythonhosted.org/packages/18/c4/fc2a69cf3df09b213185ef5a677c3940cd20e7855d29e40061a685b9c6ee/pyqt6-6.9.1-cp39-abi3-macosx_10_14_universal2.whl", hash = "sha256:33c23d28f6608747ecc8bfd04c8795f61631af9db4fb1e6c2a7523ec4cc916d9", size = 59770566, upload-time = "2025-06-06T08:48:20.331Z" },
    { url = "https://files.pythonhosted.org/packages/d5/78/92f3c46440a83ebe22ae614bd6792e7b052bcb58ff128f677f5662015184/pyqt6-6.9.1-cp39-abi3-manylinux_2_28_x86_64.whl", hash = "sha256:37884df27f774e2e1c0c96fa41e817a222329b80ffc6241725b0dc8c110acb35", size = 37804959, upload-time = "2025-06-06T08:48:39.587Z" },
    { url = "https://files.pythonhosted.org/packages/5a/5e/e77fa2761d809cd08d724f44af01a4b6ceb0ff9648e43173187b0e4fac4e/pyqt6-6.9.1-cp39-abi3-manylinux_2_39_aarch64.whl", hash = "sha256:055870b703c1a49ca621f8a89e2ec4d848e6c739d39367eb9687af3b056d9aa3", size = 40414608, upload-time = "2025-06-06T08:49:00.26Z" },
    { url = "https://files.pythonhosted.org/packages/c4/09/69cf80456b6a985e06dd24ed0c2d3451e43567bf2807a5f3a86ef7a74a2e/pyqt6-6.9.1-cp39-abi3-win_amd64.whl", hash = "sha256:15b95bd273bb6288b070ed7a9503d5ff377aa4882dd6d175f07cad28cdb21da0", size = 25717996, upload-time = "2025-06-06T08:49:13.208Z" },
    { url = "https://files.pythonhosted.org/packages/52/b3/0839d8fd18b86362a4de384740f2f6b6885b5d06fda7720f8a335425e316/pyqt6-6.9.1-cp39-abi3-win_arm64.whl", hash = "sha256:08792c72d130a02e3248a120f0b9bbb4bf4319095f92865bc5b365b00518f53d", size = 25212132, upload-time = "2025-06-06T08:49:27.41Z" },
]

[[package]]
name = "pyqt6-qt6"
version = "6.9.2"
source = { registry = "https://pypi.org/simple" }
wheels = [
    { url = "https://files.pythonhosted.org/packages/14/6f/fe2cd9cb2201c685be2f50c8c915df97848cac3dca4bad44bc3aed56fc63/pyqt6_qt6-6.9.2-py3-none-macosx_10_14_x86_64.whl", hash = "sha256:183b62be49216da80c7df1931d74885610a88f74812489d29610d13b7c215a1c", size = 66568266, upload-time = "2025-09-01T11:43:31.339Z" },
    { url = "https://files.pythonhosted.org/packages/db/1d/47dc51b4383b350f4ff6b1db461b01eba580030683ffa65475b4fdd9b80d/pyqt6_qt6-6.9.2-py3-none-macosx_11_0_arm64.whl", hash = "sha256:7897fb74ee21bdc87b5ccf84e94f4a551377e792fd180a9211c17eb41c3338a3", size = 60859706, upload-time = "2025-09-01T11:43:36.624Z" },
    { url = "https://files.pythonhosted.org/packages/a8/07/21f7dc188e35b46631707f3b40ace5643a0e03a8e1e446854826d08a04ae/pyqt6_qt6-6.9.2-py3-none-manylinux_2_28_x86_64.whl", hash = "sha256:9abfc0ee4a8293a6442128ae3f87f68e82e2a949d7b9caabd98c86ba5679ab48", size = 82322871, upload-time = "2025-09-01T11:43:41.685Z" },
    { url = "https://files.pythonhosted.org/packages/0c/c0/da658e735817feaa35ddfddb4c5d699291e8b8e3138e69ad7ae1a38a7db8/pyqt6_qt6-6.9.2-py3-none-manylinux_2_39_aarch64.whl", hash = "sha256:940aac6462532578e8ddefe0494cd17e33a85e0f3cfb21c612f56ab9ad7bc871", size = 80826693, upload-time = "2025-09-01T11:43:46.823Z" },
    { url = "https://files.pythonhosted.org/packages/63/3a/d811ed1aa579b93ab56188d1371b05eacb4188599d83e72b761263a10f92/pyqt6_qt6-6.9.2-py3-none-win_amd64.whl", hash = "sha256:f9289768039bef4a63e5949b7f8cfbbddc3b6d24bd58c21ba0f2921bed8d1c08", size = 74147171, upload-time = "2025-09-01T11:43:53.468Z" },
    { url = "https://files.pythonhosted.org/packages/57/59/7db6c5ddcb60ef3ecca2040274a30e8bc35b569c49e25e1cf2ef9f159426/pyqt6_qt6-6.9.2-py3-none-win_arm64.whl", hash = "sha256:8f82944ef68c8f8c78aa8eca4832c7bc05116c6de00a3bad8af5a0d63d1caafb", size = 54534019, upload-time = "2025-09-01T11:43:58.763Z" },
]

[[package]]
name = "pyqt6-sip"
version = "13.10.2"
source = { registry = "https://pypi.org/simple" }
sdist = { url = "https://files.pythonhosted.org/packages/2f/4a/96daf6c2e4f689faae9bd8cebb52754e76522c58a6af9b5ec86a2e8ec8b4/pyqt6_sip-13.10.2.tar.gz", hash = "sha256:464ad156bf526500ce6bd05cac7a82280af6309974d816739b4a9a627156fafe", size = 92548, upload-time = "2025-05-23T12:26:49.901Z" }
wheels = [
    { url = "https://files.pythonhosted.org/packages/75/9c/ea9ba7786f471ce025dff71653eec4a6c067d24d36d28cced457dd31314c/pyqt6_sip-13.10.2-cp311-cp311-macosx_10_9_universal2.whl", hash = "sha256:1a6c2f168773af9e6c7ef5e52907f16297d4efd346e4c958eda54ea9135be18e", size = 110707, upload-time = "2025-05-23T12:26:26.666Z" },
    { url = "https://files.pythonhosted.org/packages/d6/00/984a94f14ba378c802a8e304803bb6dc6961cd9f24befa1bf3987731f0c3/pyqt6_sip-13.10.2-cp311-cp311-manylinux_2_17_aarch64.manylinux2014_aarch64.whl", hash = "sha256:b1d3cc9015a1bd8c8d3e86a009591e897d4d46b0c514aede7d2970a2208749cd", size = 317301, upload-time = "2025-05-23T12:26:28.182Z" },
    { url = "https://files.pythonhosted.org/packages/0d/b1/c3b433ebcee2503571d71be025de5dab4489d7153007fd5ae79c543eeedb/pyqt6_sip-13.10.2-cp311-cp311-manylinux_2_5_x86_64.manylinux1_x86_64.whl", hash = "sha256:ddd578a8d975bfb5fef83751829bf09a97a1355fa1de098e4fb4d1b74ee872fc", size = 294277, upload-time = "2025-05-23T12:26:29.406Z" },
    { url = "https://files.pythonhosted.org/packages/24/96/4e909f0a4f7a9ad0076a0e200c10f96a5a09492efb683f3d66c885f9aba4/pyqt6_sip-13.10.2-cp311-cp311-win_amd64.whl", hash = "sha256:061d4a2eb60a603d8be7db6c7f27eb29d9cea97a09aa4533edc1662091ce4f03", size = 53418, upload-time = "2025-05-23T12:26:30.536Z" },
    { url = "https://files.pythonhosted.org/packages/37/96/153c418d8c167fc56f2e62372b8862d577f3ece41b24c5205a05b0c2b0cd/pyqt6_sip-13.10.2-cp311-cp311-win_arm64.whl", hash = "sha256:45ac06f0380b7aa4fcffd89f9e8c00d1b575dc700c603446a9774fda2dcfc0de", size = 44969, upload-time = "2025-05-23T12:26:31.498Z" },
    { url = "https://files.pythonhosted.org/packages/22/5b/1240017e0d59575289ba52b58fd7f95e7ddf0ed2ede95f3f7e2dc845d337/pyqt6_sip-13.10.2-cp312-cp312-macosx_10_9_universal2.whl", hash = "sha256:83e6a56d3e715f748557460600ec342cbd77af89ec89c4f2a68b185fa14ea46c", size = 112199, upload-time = "2025-05-23T12:26:32.503Z" },
    { url = "https://files.pythonhosted.org/packages/51/11/1fc3bae02a12a3ac8354aa579b56206286e8b5ca9586677b1058c81c2f74/pyqt6_sip-13.10.2-cp312-cp312-manylinux_2_17_aarch64.manylinux2014_aarch64.whl", hash = "sha256:4ccf197f8fa410e076936bee28ad9abadb450931d5be5625446fd20e0d8b27a6", size = 322757, upload-time = "2025-05-23T12:26:33.752Z" },
    { url = "https://files.pythonhosted.org/packages/21/40/de9491213f480a27199690616959a17a0f234962b86aa1dd4ca2584e922d/pyqt6_sip-13.10.2-cp312-cp312-manylinux_2_5_x86_64.manylinux1_x86_64.whl", hash = "sha256:37af463dcce39285e686d49523d376994d8a2508b9acccb7616c4b117c9c4ed7", size = 304251, upload-time = "2025-05-23T12:26:35.66Z" },
    { url = "https://files.pythonhosted.org/packages/02/21/cc80e03f1052408c62c341e9fe9b81454c94184f4bd8a95d29d2ec86df92/pyqt6_sip-13.10.2-cp312-cp312-win_amd64.whl", hash = "sha256:c7b34a495b92790c70eae690d9e816b53d3b625b45eeed6ae2c0fe24075a237e", size = 53519, upload-time = "2025-05-23T12:26:36.797Z" },
    { url = "https://files.pythonhosted.org/packages/77/cf/53bd0863252b260a502659cb3124d9c9fe38047df9360e529b437b4ac890/pyqt6_sip-13.10.2-cp312-cp312-win_arm64.whl", hash = "sha256:c80cc059d772c632f5319632f183e7578cd0976b9498682833035b18a3483e92", size = 45349, upload-time = "2025-05-23T12:26:37.729Z" },
    { url = "https://files.pythonhosted.org/packages/a1/1e/979ea64c98ca26979d8ce11e9a36579e17d22a71f51d7366d6eec3c82c13/pyqt6_sip-13.10.2-cp313-cp313-macosx_10_13_universal2.whl", hash = "sha256:8b5d06a0eac36038fa8734657d99b5fe92263ae7a0cd0a67be6acfe220a063e1", size = 112227, upload-time = "2025-05-23T12:26:38.758Z" },
    { url = "https://files.pythonhosted.org/packages/d9/21/84c230048e3bfef4a9209d16e56dcd2ae10590d03a31556ae8b5f1dcc724/pyqt6_sip-13.10.2-cp313-cp313-manylinux_2_17_aarch64.manylinux2014_aarch64.whl", hash = "sha256:ad376a6078da37b049fdf9d6637d71b52727e65c4496a80b753ddc8d27526aca", size = 322920, upload-time = "2025-05-23T12:26:39.856Z" },
    { url = "https://files.pythonhosted.org/packages/b0/1e/c6a28a142f14e735088534cc92951c3f48cccd77cdd4f3b10d7996be420f/pyqt6_sip-13.10.2-cp313-cp313-manylinux_2_5_x86_64.manylinux1_x86_64.whl", hash = "sha256:3dde8024d055f496eba7d44061c5a1ba4eb72fc95e5a9d7a0dbc908317e0888b", size = 303833, upload-time = "2025-05-23T12:26:41.075Z" },
    { url = "https://files.pythonhosted.org/packages/89/63/e5adf350c1c3123d4865c013f164c5265512fa79f09ad464fb2fdf9f9e61/pyqt6_sip-13.10.2-cp313-cp313-win_amd64.whl", hash = "sha256:0b097eb58b4df936c4a2a88a2f367c8bb5c20ff049a45a7917ad75d698e3b277", size = 53527, upload-time = "2025-05-23T12:26:42.625Z" },
    { url = "https://files.pythonhosted.org/packages/58/74/2df4195306d050fbf4963fb5636108a66e5afa6dc05fd9e81e51ec96c384/pyqt6_sip-13.10.2-cp313-cp313-win_arm64.whl", hash = "sha256:cc6a1dfdf324efaac6e7b890a608385205e652845c62130de919fd73a6326244", size = 45373, upload-time = "2025-05-23T12:26:43.536Z" },
    { url = "https://files.pythonhosted.org/packages/23/57/74b4eb7a51b9133958daa8409b55de95e44feb694d4e2e3eba81a070ca20/pyqt6_sip-13.10.2-cp314-cp314-macosx_10_15_universal2.whl", hash = "sha256:8a76a06a8e5c5b1f17a3f6f3c834ca324877e07b960b18b8b9bbfd9c536ec658", size = 112354, upload-time = "2025-10-08T08:44:00.22Z" },
    { url = "https://files.pythonhosted.org/packages/f2/cb/fdef02e0d6ee8443a9683a43650d61c6474b634b6ae6e1c6f097da6310bf/pyqt6_sip-13.10.2-cp314-cp314-manylinux_2_17_aarch64.manylinux2014_aarch64.whl", hash = "sha256:9128d770a611200529468397d710bc972f1dcfe12bfcbb09a3ccddcd4d54fa5b", size = 323488, upload-time = "2025-10-08T08:44:01.965Z" },
    { url = "https://files.pythonhosted.org/packages/8c/5b/8ede8d6234c3ea884cbd097d7d47ff9910fb114efe041af62b4453acd23b/pyqt6_sip-13.10.2-cp314-cp314-manylinux_2_5_x86_64.manylinux1_x86_64.whl", hash = "sha256:d820a0fae7315932c08f27dc0a7e33e0f50fe351001601a8eb9cf6f22b04562e", size = 303881, upload-time = "2025-10-08T08:44:04.086Z" },
    { url = "https://files.pythonhosted.org/packages/be/44/b5e78b072d1594643b0f1ff348f2bf54d4adb5a3f9b9f0989c54e33238d6/pyqt6_sip-13.10.2-cp314-cp314-win_amd64.whl", hash = "sha256:3213bb6e102d3842a3bb7e59d5f6e55f176c80880ff0b39d0dac0cfe58313fb3", size = 55098, upload-time = "2025-10-08T08:44:08.943Z" },
    { url = "https://files.pythonhosted.org/packages/e2/91/357e9fcef5d830c3d50503d35e0357818aca3540f78748cc214dfa015d00/pyqt6_sip-13.10.2-cp314-cp314-win_arm64.whl", hash = "sha256:ce33ff1f94960ad4b08035e39fa0c3c9a67070bec39ffe3e435c792721504726", size = 46088, upload-time = "2025-10-08T08:44:10.014Z" },
]
